// !$*UTF8*$!
{
	archiveVersion = 1;
	classes = {
	};
	objectVersion = 56;
	objects = {

/* Begin PBXBuildFile section */
		DB08A6A32B9A5AFA009E1014 /* RealityKitContent in Frameworks */ = {isa = PBXBuildFile; productRef = DB08A6A22B9A5AFA009E1014 /* RealityKitContent */; };
		DB08A6A52B9A5AFA009E1014 /* CompteurVisionApp.swift in Sources */ = {isa = PBXBuildFile; fileRef = DB08A6A42B9A5AFA009E1014 /* CompteurVisionApp.swift */; };
		DB08A6A72B9A5AFA009E1014 /* ContentView.swift in Sources */ = {isa = PBXBuildFile; fileRef = DB08A6A62B9A5AFA009E1014 /* ContentView.swift */; };
		DB08A6A92B9A5AFA009E1014 /* ImmersiveView.swift in Sources */ = {isa = PBXBuildFile; fileRef = DB08A6A82B9A5AFA009E1014 /* ImmersiveView.swift */; };
		DB08A6AB2B9A5AFA009E1014 /* Assets.xcassets in Resources */ = {isa = PBXBuildFile; fileRef = DB08A6AA2B9A5AFA009E1014 /* Assets.xcassets */; };
		DB08A6AE2B9A5AFA009E1014 /* Preview Assets.xcassets in Resources */ = {isa = PBXBuildFile; fileRef = DB08A6AD2B9A5AFA009E1014 /* Preview Assets.xcassets */; };
		DB08A6B92B9A5AFB009E1014 /* CompteurVisionTests.swift in Sources */ = {isa = PBXBuildFile; fileRef = DB08A6B82B9A5AFB009E1014 /* CompteurVisionTests.swift */; };
		DB44DCE92B9A02DD00466340 /* CompteurUniversalApp.swift in Sources */ = {isa = PBXBuildFile; fileRef = DB44DCE82B9A02DD00466340 /* CompteurUniversalApp.swift */; };
		DB44DCEB2B9A02DD00466340 /* ContentView.swift in Sources */ = {isa = PBXBuildFile; fileRef = DB44DCEA2B9A02DD00466340 /* ContentView.swift */; };
		DB44DCED2B9A02DE00466340 /* Assets.xcassets in Resources */ = {isa = PBXBuildFile; fileRef = DB44DCEC2B9A02DE00466340 /* Assets.xcassets */; };
		DB44DCF12B9A02DE00466340 /* Preview Assets.xcassets in Resources */ = {isa = PBXBuildFile; fileRef = DB44DCF02B9A02DE00466340 /* Preview Assets.xcassets */; };
		DB44DCFB2B9A02DE00466340 /* CompteurUniversalTests.swift in Sources */ = {isa = PBXBuildFile; fileRef = DB44DCFA2B9A02DE00466340 /* CompteurUniversalTests.swift */; };
		DB44DD052B9A02DE00466340 /* CompteurUniversalUITests.swift in Sources */ = {isa = PBXBuildFile; fileRef = DB44DD042B9A02DE00466340 /* CompteurUniversalUITests.swift */; };
		DB44DD072B9A02DE00466340 /* CompteurUniversalUITestsLaunchTests.swift in Sources */ = {isa = PBXBuildFile; fileRef = DB44DD062B9A02DE00466340 /* CompteurUniversalUITestsLaunchTests.swift */; };
		DB44DD1F2B9A382C00466340 /* CompteurWatchApp.swift in Sources */ = {isa = PBXBuildFile; fileRef = DB44DD1E2B9A382C00466340 /* CompteurWatchApp.swift */; };
		DB44DD212B9A382C00466340 /* ContentView.swift in Sources */ = {isa = PBXBuildFile; fileRef = DB44DD202B9A382C00466340 /* ContentView.swift */; };
		DB44DD232B9A382D00466340 /* Assets.xcassets in Resources */ = {isa = PBXBuildFile; fileRef = DB44DD222B9A382D00466340 /* Assets.xcassets */; };
		DB44DD262B9A382D00466340 /* Preview Assets.xcassets in Resources */ = {isa = PBXBuildFile; fileRef = DB44DD252B9A382D00466340 /* Preview Assets.xcassets */; };
		DB44DD302B9A382D00466340 /* CompteurWatch_Watch_AppTests.swift in Sources */ = {isa = PBXBuildFile; fileRef = DB44DD2F2B9A382D00466340 /* CompteurWatch_Watch_AppTests.swift */; };
		DB44DD3A2B9A382D00466340 /* CompteurWatch_Watch_AppUITests.swift in Sources */ = {isa = PBXBuildFile; fileRef = DB44DD392B9A382D00466340 /* CompteurWatch_Watch_AppUITests.swift */; };
		DB44DD3C2B9A382D00466340 /* CompteurWatch_Watch_AppUITestsLaunchTests.swift in Sources */ = {isa = PBXBuildFile; fileRef = DB44DD3B2B9A382D00466340 /* CompteurWatch_Watch_AppUITestsLaunchTests.swift */; };
		DB44DD3F2B9A382D00466340 /* CompteurWatch Watch App.app in Embed Watch Content */ = {isa = PBXBuildFile; fileRef = DB44DD1C2B9A382C00466340 /* CompteurWatch Watch App.app */; platformFilter = ios; settings = {ATTRIBUTES = (RemoveHeadersOnCopy, ); }; };
/* End PBXBuildFile section */

/* Begin PBXContainerItemProxy section */
		DB08A6B52B9A5AFB009E1014 /* PBXContainerItemProxy */ = {
			isa = PBXContainerItemProxy;
			containerPortal = DB44DCDD2B9A02DD00466340 /* Project object */;
			proxyType = 1;
			remoteGlobalIDString = DB08A69D2B9A5AFA009E1014;
			remoteInfo = CompteurVision;
		};
		DB44DCF72B9A02DE00466340 /* PBXContainerItemProxy */ = {
			isa = PBXContainerItemProxy;
			containerPortal = DB44DCDD2B9A02DD00466340 /* Project object */;
			proxyType = 1;
			remoteGlobalIDString = DB44DCE42B9A02DD00466340;
			remoteInfo = CompteurUniversal;
		};
		DB44DD012B9A02DE00466340 /* PBXContainerItemProxy */ = {
			isa = PBXContainerItemProxy;
			containerPortal = DB44DCDD2B9A02DD00466340 /* Project object */;
			proxyType = 1;
			remoteGlobalIDString = DB44DCE42B9A02DD00466340;
			remoteInfo = CompteurUniversal;
		};
		DB44DD2C2B9A382D00466340 /* PBXContainerItemProxy */ = {
			isa = PBXContainerItemProxy;
			containerPortal = DB44DCDD2B9A02DD00466340 /* Project object */;
			proxyType = 1;
			remoteGlobalIDString = DB44DD1B2B9A382C00466340;
			remoteInfo = "CompteurWatch Watch App";
		};
		DB44DD362B9A382D00466340 /* PBXContainerItemProxy */ = {
			isa = PBXContainerItemProxy;
			containerPortal = DB44DCDD2B9A02DD00466340 /* Project object */;
			proxyType = 1;
			remoteGlobalIDString = DB44DD1B2B9A382C00466340;
			remoteInfo = "CompteurWatch Watch App";
		};
		DB44DD3D2B9A382D00466340 /* PBXContainerItemProxy */ = {
			isa = PBXContainerItemProxy;
			containerPortal = DB44DCDD2B9A02DD00466340 /* Project object */;
			proxyType = 1;
			remoteGlobalIDString = DB44DD1B2B9A382C00466340;
			remoteInfo = "CompteurWatch Watch App";
		};
/* End PBXContainerItemProxy section */

/* Begin PBXCopyFilesBuildPhase section */
		DB44DD432B9A382D00466340 /* Embed Watch Content */ = {
			isa = PBXCopyFilesBuildPhase;
			buildActionMask = 12;
			dstPath = "$(CONTENTS_FOLDER_PATH)/Watch";
			dstSubfolderSpec = 16;
			files = (
				DB44DD3F2B9A382D00466340 /* CompteurWatch Watch App.app in Embed Watch Content */,
			);
			name = "Embed Watch Content";
			runOnlyForDeploymentPostprocessing = 0;
		};
/* End PBXCopyFilesBuildPhase section */

/* Begin PBXFileReference section */
		DB08A69E2B9A5AFA009E1014 /* CompteurVision.app */ = {isa = PBXFileReference; explicitFileType = wrapper.application; includeInIndex = 0; path = CompteurVision.app; sourceTree = BUILT_PRODUCTS_DIR; };
		DB08A6A12B9A5AFA009E1014 /* RealityKitContent */ = {isa = PBXFileReference; lastKnownFileType = wrapper; path = RealityKitContent; sourceTree = "<group>"; };
		DB08A6A42B9A5AFA009E1014 /* CompteurVisionApp.swift */ = {isa = PBXFileReference; lastKnownFileType = sourcecode.swift; path = CompteurVisionApp.swift; sourceTree = "<group>"; };
		DB08A6A62B9A5AFA009E1014 /* ContentView.swift */ = {isa = PBXFileReference; lastKnownFileType = sourcecode.swift; path = ContentView.swift; sourceTree = "<group>"; };
		DB08A6A82B9A5AFA009E1014 /* ImmersiveView.swift */ = {isa = PBXFileReference; lastKnownFileType = sourcecode.swift; path = ImmersiveView.swift; sourceTree = "<group>"; };
		DB08A6AA2B9A5AFA009E1014 /* Assets.xcassets */ = {isa = PBXFileReference; lastKnownFileType = folder.assetcatalog; path = Assets.xcassets; sourceTree = "<group>"; };
		DB08A6AD2B9A5AFA009E1014 /* Preview Assets.xcassets */ = {isa = PBXFileReference; lastKnownFileType = folder.assetcatalog; path = "Preview Assets.xcassets"; sourceTree = "<group>"; };
		DB08A6AF2B9A5AFA009E1014 /* Info.plist */ = {isa = PBXFileReference; lastKnownFileType = text.plist.xml; path = Info.plist; sourceTree = "<group>"; };
		DB08A6B42B9A5AFB009E1014 /* CompteurVisionTests.xctest */ = {isa = PBXFileReference; explicitFileType = wrapper.cfbundle; includeInIndex = 0; path = CompteurVisionTests.xctest; sourceTree = BUILT_PRODUCTS_DIR; };
		DB08A6B82B9A5AFB009E1014 /* CompteurVisionTests.swift */ = {isa = PBXFileReference; lastKnownFileType = sourcecode.swift; path = CompteurVisionTests.swift; sourceTree = "<group>"; };
		DB44DCE52B9A02DD00466340 /* CompteurUniversal.app */ = {isa = PBXFileReference; explicitFileType = wrapper.application; includeInIndex = 0; path = CompteurUniversal.app; sourceTree = BUILT_PRODUCTS_DIR; };
		DB44DCE82B9A02DD00466340 /* CompteurUniversalApp.swift */ = {isa = PBXFileReference; lastKnownFileType = sourcecode.swift; path = CompteurUniversalApp.swift; sourceTree = "<group>"; };
		DB44DCEA2B9A02DD00466340 /* ContentView.swift */ = {isa = PBXFileReference; lastKnownFileType = sourcecode.swift; path = ContentView.swift; sourceTree = "<group>"; };
		DB44DCEC2B9A02DE00466340 /* Assets.xcassets */ = {isa = PBXFileReference; lastKnownFileType = folder.assetcatalog; path = Assets.xcassets; sourceTree = "<group>"; };
		DB44DCEE2B9A02DE00466340 /* CompteurUniversal.entitlements */ = {isa = PBXFileReference; lastKnownFileType = text.plist.entitlements; path = CompteurUniversal.entitlements; sourceTree = "<group>"; };
		DB44DCF02B9A02DE00466340 /* Preview Assets.xcassets */ = {isa = PBXFileReference; lastKnownFileType = folder.assetcatalog; path = "Preview Assets.xcassets"; sourceTree = "<group>"; };
		DB44DCF62B9A02DE00466340 /* CompteurUniversalTests.xctest */ = {isa = PBXFileReference; explicitFileType = wrapper.cfbundle; includeInIndex = 0; path = CompteurUniversalTests.xctest; sourceTree = BUILT_PRODUCTS_DIR; };
		DB44DCFA2B9A02DE00466340 /* CompteurUniversalTests.swift */ = {isa = PBXFileReference; lastKnownFileType = sourcecode.swift; path = CompteurUniversalTests.swift; sourceTree = "<group>"; };
		DB44DD002B9A02DE00466340 /* CompteurUniversalUITests.xctest */ = {isa = PBXFileReference; explicitFileType = wrapper.cfbundle; includeInIndex = 0; path = CompteurUniversalUITests.xctest; sourceTree = BUILT_PRODUCTS_DIR; };
		DB44DD042B9A02DE00466340 /* CompteurUniversalUITests.swift */ = {isa = PBXFileReference; lastKnownFileType = sourcecode.swift; path = CompteurUniversalUITests.swift; sourceTree = "<group>"; };
		DB44DD062B9A02DE00466340 /* CompteurUniversalUITestsLaunchTests.swift */ = {isa = PBXFileReference; lastKnownFileType = sourcecode.swift; path = CompteurUniversalUITestsLaunchTests.swift; sourceTree = "<group>"; };
		DB44DD132B9A112300466340 /* README.md */ = {isa = PBXFileReference; lastKnownFileType = net.daringfireball.markdown; path = README.md; sourceTree = "<group>"; };
		DB44DD152B9A13DB00466340 /* Mac_screenshot.png */ = {isa = PBXFileReference; lastKnownFileType = image.png; path = Mac_screenshot.png; sourceTree = "<group>"; };
		DB44DD162B9A13DB00466340 /* iPad_screenshot.png */ = {isa = PBXFileReference; lastKnownFileType = image.png; path = iPad_screenshot.png; sourceTree = "<group>"; };
		DB44DD172B9A13DB00466340 /* iPhone_screenshot.png */ = {isa = PBXFileReference; lastKnownFileType = image.png; path = iPhone_screenshot.png; sourceTree = "<group>"; };
		DB44DD1C2B9A382C00466340 /* CompteurWatch Watch App.app */ = {isa = PBXFileReference; explicitFileType = wrapper.application; includeInIndex = 0; path = "CompteurWatch Watch App.app"; sourceTree = BUILT_PRODUCTS_DIR; };
		DB44DD1E2B9A382C00466340 /* CompteurWatchApp.swift */ = {isa = PBXFileReference; lastKnownFileType = sourcecode.swift; path = CompteurWatchApp.swift; sourceTree = "<group>"; };
		DB44DD202B9A382C00466340 /* ContentView.swift */ = {isa = PBXFileReference; lastKnownFileType = sourcecode.swift; path = ContentView.swift; sourceTree = "<group>"; };
		DB44DD222B9A382D00466340 /* Assets.xcassets */ = {isa = PBXFileReference; lastKnownFileType = folder.assetcatalog; path = Assets.xcassets; sourceTree = "<group>"; };
		DB44DD252B9A382D00466340 /* Preview Assets.xcassets */ = {isa = PBXFileReference; lastKnownFileType = folder.assetcatalog; path = "Preview Assets.xcassets"; sourceTree = "<group>"; };
		DB44DD2B2B9A382D00466340 /* CompteurWatch Watch AppTests.xctest */ = {isa = PBXFileReference; explicitFileType = wrapper.cfbundle; includeInIndex = 0; path = "CompteurWatch Watch AppTests.xctest"; sourceTree = BUILT_PRODUCTS_DIR; };
		DB44DD2F2B9A382D00466340 /* CompteurWatch_Watch_AppTests.swift */ = {isa = PBXFileReference; lastKnownFileType = sourcecode.swift; path = CompteurWatch_Watch_AppTests.swift; sourceTree = "<group>"; };
		DB44DD352B9A382D00466340 /* CompteurWatch Watch AppUITests.xctest */ = {isa = PBXFileReference; explicitFileType = wrapper.cfbundle; includeInIndex = 0; path = "CompteurWatch Watch AppUITests.xctest"; sourceTree = BUILT_PRODUCTS_DIR; };
		DB44DD392B9A382D00466340 /* CompteurWatch_Watch_AppUITests.swift */ = {isa = PBXFileReference; lastKnownFileType = sourcecode.swift; path = CompteurWatch_Watch_AppUITests.swift; sourceTree = "<group>"; };
		DB44DD3B2B9A382D00466340 /* CompteurWatch_Watch_AppUITestsLaunchTests.swift */ = {isa = PBXFileReference; lastKnownFileType = sourcecode.swift; path = CompteurWatch_Watch_AppUITestsLaunchTests.swift; sourceTree = "<group>"; };
/* End PBXFileReference section */

/* Begin PBXFrameworksBuildPhase section */
		DB08A69B2B9A5AFA009E1014 /* Frameworks */ = {
			isa = PBXFrameworksBuildPhase;
			buildActionMask = 2147483647;
			files = (
				DB08A6A32B9A5AFA009E1014 /* RealityKitContent in Frameworks */,
			);
			runOnlyForDeploymentPostprocessing = 0;
		};
		DB08A6B12B9A5AFB009E1014 /* Frameworks */ = {
			isa = PBXFrameworksBuildPhase;
			buildActionMask = 2147483647;
			files = (
			);
			runOnlyForDeploymentPostprocessing = 0;
		};
		DB44DCE22B9A02DD00466340 /* Frameworks */ = {
			isa = PBXFrameworksBuildPhase;
			buildActionMask = 2147483647;
			files = (
			);
			runOnlyForDeploymentPostprocessing = 0;
		};
		DB44DCF32B9A02DE00466340 /* Frameworks */ = {
			isa = PBXFrameworksBuildPhase;
			buildActionMask = 2147483647;
			files = (
			);
			runOnlyForDeploymentPostprocessing = 0;
		};
		DB44DCFD2B9A02DE00466340 /* Frameworks */ = {
			isa = PBXFrameworksBuildPhase;
			buildActionMask = 2147483647;
			files = (
			);
			runOnlyForDeploymentPostprocessing = 0;
		};
		DB44DD192B9A382C00466340 /* Frameworks */ = {
			isa = PBXFrameworksBuildPhase;
			buildActionMask = 2147483647;
			files = (
			);
			runOnlyForDeploymentPostprocessing = 0;
		};
		DB44DD282B9A382D00466340 /* Frameworks */ = {
			isa = PBXFrameworksBuildPhase;
			buildActionMask = 2147483647;
			files = (
			);
			runOnlyForDeploymentPostprocessing = 0;
		};
		DB44DD322B9A382D00466340 /* Frameworks */ = {
			isa = PBXFrameworksBuildPhase;
			buildActionMask = 2147483647;
			files = (
			);
			runOnlyForDeploymentPostprocessing = 0;
		};
/* End PBXFrameworksBuildPhase section */

/* Begin PBXGroup section */
		DB08A69F2B9A5AFA009E1014 /* CompteurVision */ = {
			isa = PBXGroup;
			children = (
				DB08A6A42B9A5AFA009E1014 /* CompteurVisionApp.swift */,
				DB08A6A62B9A5AFA009E1014 /* ContentView.swift */,
				DB08A6A82B9A5AFA009E1014 /* ImmersiveView.swift */,
				DB08A6AA2B9A5AFA009E1014 /* Assets.xcassets */,
				DB08A6AF2B9A5AFA009E1014 /* Info.plist */,
				DB08A6AC2B9A5AFA009E1014 /* Preview Content */,
			);
			path = CompteurVision;
			sourceTree = "<group>";
		};
		DB08A6A02B9A5AFA009E1014 /* Packages */ = {
			isa = PBXGroup;
			children = (
				DB08A6A12B9A5AFA009E1014 /* RealityKitContent */,
			);
			path = Packages;
			sourceTree = "<group>";
		};
		DB08A6AC2B9A5AFA009E1014 /* Preview Content */ = {
			isa = PBXGroup;
			children = (
				DB08A6AD2B9A5AFA009E1014 /* Preview Assets.xcassets */,
			);
			path = "Preview Content";
			sourceTree = "<group>";
		};
		DB08A6B72B9A5AFB009E1014 /* CompteurVisionTests */ = {
			isa = PBXGroup;
			children = (
				DB08A6B82B9A5AFB009E1014 /* CompteurVisionTests.swift */,
			);
			path = CompteurVisionTests;
			sourceTree = "<group>";
		};
		DB44DCDC2B9A02DD00466340 = {
			isa = PBXGroup;
			children = (
				DB44DD142B9A123000466340 /* Screenshots */,
				DB44DD132B9A112300466340 /* README.md */,
				DB44DCE72B9A02DD00466340 /* CompteurUniversal */,
				DB44DCF92B9A02DE00466340 /* CompteurUniversalTests */,
				DB44DD032B9A02DE00466340 /* CompteurUniversalUITests */,
				DB44DD1D2B9A382C00466340 /* CompteurWatch Watch App */,
				DB44DD2E2B9A382D00466340 /* CompteurWatch Watch AppTests */,
				DB44DD382B9A382D00466340 /* CompteurWatch Watch AppUITests */,
				DB08A69F2B9A5AFA009E1014 /* CompteurVision */,
				DB08A6A02B9A5AFA009E1014 /* Packages */,
				DB08A6B72B9A5AFB009E1014 /* CompteurVisionTests */,
				DB44DCE62B9A02DD00466340 /* Products */,
			);
			sourceTree = "<group>";
		};
		DB44DCE62B9A02DD00466340 /* Products */ = {
			isa = PBXGroup;
			children = (
				DB44DCE52B9A02DD00466340 /* CompteurUniversal.app */,
				DB44DCF62B9A02DE00466340 /* CompteurUniversalTests.xctest */,
				DB44DD002B9A02DE00466340 /* CompteurUniversalUITests.xctest */,
				DB44DD1C2B9A382C00466340 /* CompteurWatch Watch App.app */,
				DB44DD2B2B9A382D00466340 /* CompteurWatch Watch AppTests.xctest */,
				DB44DD352B9A382D00466340 /* CompteurWatch Watch AppUITests.xctest */,
				DB08A69E2B9A5AFA009E1014 /* CompteurVision.app */,
				DB08A6B42B9A5AFB009E1014 /* CompteurVisionTests.xctest */,
			);
			name = Products;
			sourceTree = "<group>";
		};
		DB44DCE72B9A02DD00466340 /* CompteurUniversal */ = {
			isa = PBXGroup;
			children = (
				DB44DCE82B9A02DD00466340 /* CompteurUniversalApp.swift */,
				DB44DCEA2B9A02DD00466340 /* ContentView.swift */,
				DB44DCEC2B9A02DE00466340 /* Assets.xcassets */,
				DB44DCEE2B9A02DE00466340 /* CompteurUniversal.entitlements */,
				DB44DCEF2B9A02DE00466340 /* Preview Content */,
			);
			path = CompteurUniversal;
			sourceTree = "<group>";
		};
		DB44DCEF2B9A02DE00466340 /* Preview Content */ = {
			isa = PBXGroup;
			children = (
				DB44DCF02B9A02DE00466340 /* Preview Assets.xcassets */,
			);
			path = "Preview Content";
			sourceTree = "<group>";
		};
		DB44DCF92B9A02DE00466340 /* CompteurUniversalTests */ = {
			isa = PBXGroup;
			children = (
				DB44DCFA2B9A02DE00466340 /* CompteurUniversalTests.swift */,
			);
			path = CompteurUniversalTests;
			sourceTree = "<group>";
		};
		DB44DD032B9A02DE00466340 /* CompteurUniversalUITests */ = {
			isa = PBXGroup;
			children = (
				DB44DD042B9A02DE00466340 /* CompteurUniversalUITests.swift */,
				DB44DD062B9A02DE00466340 /* CompteurUniversalUITestsLaunchTests.swift */,
			);
			path = CompteurUniversalUITests;
			sourceTree = "<group>";
		};
		DB44DD142B9A123000466340 /* Screenshots */ = {
			isa = PBXGroup;
			children = (
				DB44DD162B9A13DB00466340 /* iPad_screenshot.png */,
				DB44DD172B9A13DB00466340 /* iPhone_screenshot.png */,
				DB44DD152B9A13DB00466340 /* Mac_screenshot.png */,
			);
			path = Screenshots;
			sourceTree = "<group>";
		};
		DB44DD1D2B9A382C00466340 /* CompteurWatch Watch App */ = {
			isa = PBXGroup;
			children = (
				DB44DD1E2B9A382C00466340 /* CompteurWatchApp.swift */,
				DB44DD202B9A382C00466340 /* ContentView.swift */,
				DB44DD222B9A382D00466340 /* Assets.xcassets */,
				DB44DD242B9A382D00466340 /* Preview Content */,
			);
			path = "CompteurWatch Watch App";
			sourceTree = "<group>";
		};
		DB44DD242B9A382D00466340 /* Preview Content */ = {
			isa = PBXGroup;
			children = (
				DB44DD252B9A382D00466340 /* Preview Assets.xcassets */,
			);
			path = "Preview Content";
			sourceTree = "<group>";
		};
		DB44DD2E2B9A382D00466340 /* CompteurWatch Watch AppTests */ = {
			isa = PBXGroup;
			children = (
				DB44DD2F2B9A382D00466340 /* CompteurWatch_Watch_AppTests.swift */,
			);
			path = "CompteurWatch Watch AppTests";
			sourceTree = "<group>";
		};
		DB44DD382B9A382D00466340 /* CompteurWatch Watch AppUITests */ = {
			isa = PBXGroup;
			children = (
				DB44DD392B9A382D00466340 /* CompteurWatch_Watch_AppUITests.swift */,
				DB44DD3B2B9A382D00466340 /* CompteurWatch_Watch_AppUITestsLaunchTests.swift */,
			);
			path = "CompteurWatch Watch AppUITests";
			sourceTree = "<group>";
		};
/* End PBXGroup section */

/* Begin PBXNativeTarget section */
		DB08A69D2B9A5AFA009E1014 /* CompteurVision */ = {
			isa = PBXNativeTarget;
			buildConfigurationList = DB08A6BE2B9A5AFB009E1014 /* Build configuration list for PBXNativeTarget "CompteurVision" */;
			buildPhases = (
				DB08A69A2B9A5AFA009E1014 /* Sources */,
				DB08A69B2B9A5AFA009E1014 /* Frameworks */,
				DB08A69C2B9A5AFA009E1014 /* Resources */,
			);
			buildRules = (
			);
			dependencies = (
			);
			name = CompteurVision;
			packageProductDependencies = (
				DB08A6A22B9A5AFA009E1014 /* RealityKitContent */,
			);
			productName = CompteurVision;
			productReference = DB08A69E2B9A5AFA009E1014 /* CompteurVision.app */;
			productType = "com.apple.product-type.application";
		};
		DB08A6B32B9A5AFB009E1014 /* CompteurVisionTests */ = {
			isa = PBXNativeTarget;
			buildConfigurationList = DB08A6BF2B9A5AFB009E1014 /* Build configuration list for PBXNativeTarget "CompteurVisionTests" */;
			buildPhases = (
				DB08A6B02B9A5AFB009E1014 /* Sources */,
				DB08A6B12B9A5AFB009E1014 /* Frameworks */,
				DB08A6B22B9A5AFB009E1014 /* Resources */,
			);
			buildRules = (
			);
			dependencies = (
				DB08A6B62B9A5AFB009E1014 /* PBXTargetDependency */,
			);
			name = CompteurVisionTests;
			productName = CompteurVisionTests;
			productReference = DB08A6B42B9A5AFB009E1014 /* CompteurVisionTests.xctest */;
			productType = "com.apple.product-type.bundle.unit-test";
		};
		DB44DCE42B9A02DD00466340 /* CompteurUniversal */ = {
			isa = PBXNativeTarget;
			buildConfigurationList = DB44DD0A2B9A02DE00466340 /* Build configuration list for PBXNativeTarget "CompteurUniversal" */;
			buildPhases = (
				DB44DCE12B9A02DD00466340 /* Sources */,
				DB44DCE22B9A02DD00466340 /* Frameworks */,
				DB44DCE32B9A02DD00466340 /* Resources */,
				DB44DD432B9A382D00466340 /* Embed Watch Content */,
			);
			buildRules = (
			);
			dependencies = (
				DB44DD3E2B9A382D00466340 /* PBXTargetDependency */,
			);
			name = CompteurUniversal;
			productName = CompteurUniversal;
			productReference = DB44DCE52B9A02DD00466340 /* CompteurUniversal.app */;
			productType = "com.apple.product-type.application";
		};
		DB44DCF52B9A02DE00466340 /* CompteurUniversalTests */ = {
			isa = PBXNativeTarget;
			buildConfigurationList = DB44DD0D2B9A02DE00466340 /* Build configuration list for PBXNativeTarget "CompteurUniversalTests" */;
			buildPhases = (
				DB44DCF22B9A02DE00466340 /* Sources */,
				DB44DCF32B9A02DE00466340 /* Frameworks */,
				DB44DCF42B9A02DE00466340 /* Resources */,
			);
			buildRules = (
			);
			dependencies = (
				DB44DCF82B9A02DE00466340 /* PBXTargetDependency */,
			);
			name = CompteurUniversalTests;
			productName = CompteurUniversalTests;
			productReference = DB44DCF62B9A02DE00466340 /* CompteurUniversalTests.xctest */;
			productType = "com.apple.product-type.bundle.unit-test";
		};
		DB44DCFF2B9A02DE00466340 /* CompteurUniversalUITests */ = {
			isa = PBXNativeTarget;
			buildConfigurationList = DB44DD102B9A02DE00466340 /* Build configuration list for PBXNativeTarget "CompteurUniversalUITests" */;
			buildPhases = (
				DB44DCFC2B9A02DE00466340 /* Sources */,
				DB44DCFD2B9A02DE00466340 /* Frameworks */,
				DB44DCFE2B9A02DE00466340 /* Resources */,
			);
			buildRules = (
			);
			dependencies = (
				DB44DD022B9A02DE00466340 /* PBXTargetDependency */,
			);
			name = CompteurUniversalUITests;
			productName = CompteurUniversalUITests;
			productReference = DB44DD002B9A02DE00466340 /* CompteurUniversalUITests.xctest */;
			productType = "com.apple.product-type.bundle.ui-testing";
		};
		DB44DD1B2B9A382C00466340 /* CompteurWatch Watch App */ = {
			isa = PBXNativeTarget;
			buildConfigurationList = DB44DD402B9A382D00466340 /* Build configuration list for PBXNativeTarget "CompteurWatch Watch App" */;
			buildPhases = (
				DB44DD182B9A382C00466340 /* Sources */,
				DB44DD192B9A382C00466340 /* Frameworks */,
				DB44DD1A2B9A382C00466340 /* Resources */,
			);
			buildRules = (
			);
			dependencies = (
			);
			name = "CompteurWatch Watch App";
			productName = "CompteurWatch Watch App";
			productReference = DB44DD1C2B9A382C00466340 /* CompteurWatch Watch App.app */;
			productType = "com.apple.product-type.application";
		};
		DB44DD2A2B9A382D00466340 /* CompteurWatch Watch AppTests */ = {
			isa = PBXNativeTarget;
			buildConfigurationList = DB44DD442B9A382D00466340 /* Build configuration list for PBXNativeTarget "CompteurWatch Watch AppTests" */;
			buildPhases = (
				DB44DD272B9A382D00466340 /* Sources */,
				DB44DD282B9A382D00466340 /* Frameworks */,
				DB44DD292B9A382D00466340 /* Resources */,
			);
			buildRules = (
			);
			dependencies = (
				DB44DD2D2B9A382D00466340 /* PBXTargetDependency */,
			);
			name = "CompteurWatch Watch AppTests";
			productName = "CompteurWatch Watch AppTests";
			productReference = DB44DD2B2B9A382D00466340 /* CompteurWatch Watch AppTests.xctest */;
			productType = "com.apple.product-type.bundle.unit-test";
		};
		DB44DD342B9A382D00466340 /* CompteurWatch Watch AppUITests */ = {
			isa = PBXNativeTarget;
			buildConfigurationList = DB44DD472B9A382D00466340 /* Build configuration list for PBXNativeTarget "CompteurWatch Watch AppUITests" */;
			buildPhases = (
				DB44DD312B9A382D00466340 /* Sources */,
				DB44DD322B9A382D00466340 /* Frameworks */,
				DB44DD332B9A382D00466340 /* Resources */,
			);
			buildRules = (
			);
			dependencies = (
				DB44DD372B9A382D00466340 /* PBXTargetDependency */,
			);
			name = "CompteurWatch Watch AppUITests";
			productName = "CompteurWatch Watch AppUITests";
			productReference = DB44DD352B9A382D00466340 /* CompteurWatch Watch AppUITests.xctest */;
			productType = "com.apple.product-type.bundle.ui-testing";
		};
/* End PBXNativeTarget section */

/* Begin PBXProject section */
		DB44DCDD2B9A02DD00466340 /* Project object */ = {
			isa = PBXProject;
			attributes = {
				BuildIndependentTargetsInParallel = 1;
				LastSwiftUpdateCheck = 1530;
				LastUpgradeCheck = 1530;
				TargetAttributes = {
					DB08A69D2B9A5AFA009E1014 = {
						CreatedOnToolsVersion = 15.3;
					};
					DB08A6B32B9A5AFB009E1014 = {
						CreatedOnToolsVersion = 15.3;
						TestTargetID = DB08A69D2B9A5AFA009E1014;
					};
					DB44DCE42B9A02DD00466340 = {
						CreatedOnToolsVersion = 15.3;
					};
					DB44DCF52B9A02DE00466340 = {
						CreatedOnToolsVersion = 15.3;
						TestTargetID = DB44DCE42B9A02DD00466340;
					};
					DB44DCFF2B9A02DE00466340 = {
						CreatedOnToolsVersion = 15.3;
						TestTargetID = DB44DCE42B9A02DD00466340;
					};
					DB44DD1B2B9A382C00466340 = {
						CreatedOnToolsVersion = 15.3;
					};
					DB44DD2A2B9A382D00466340 = {
						CreatedOnToolsVersion = 15.3;
						TestTargetID = DB44DD1B2B9A382C00466340;
					};
					DB44DD342B9A382D00466340 = {
						CreatedOnToolsVersion = 15.3;
						TestTargetID = DB44DD1B2B9A382C00466340;
					};
				};
			};
			buildConfigurationList = DB44DCE02B9A02DD00466340 /* Build configuration list for PBXProject "CompteurUniversal" */;
			compatibilityVersion = "Xcode 14.0";
			developmentRegion = en;
			hasScannedForEncodings = 0;
			knownRegions = (
				en,
				Base,
			);
			mainGroup = DB44DCDC2B9A02DD00466340;
			productRefGroup = DB44DCE62B9A02DD00466340 /* Products */;
			projectDirPath = "";
			projectRoot = "";
			targets = (
				DB44DCE42B9A02DD00466340 /* CompteurUniversal */,
				DB44DCF52B9A02DE00466340 /* CompteurUniversalTests */,
				DB44DCFF2B9A02DE00466340 /* CompteurUniversalUITests */,
				DB44DD1B2B9A382C00466340 /* CompteurWatch Watch App */,
				DB44DD2A2B9A382D00466340 /* CompteurWatch Watch AppTests */,
				DB44DD342B9A382D00466340 /* CompteurWatch Watch AppUITests */,
				DB08A69D2B9A5AFA009E1014 /* CompteurVision */,
				DB08A6B32B9A5AFB009E1014 /* CompteurVisionTests */,
			);
		};
/* End PBXProject section */

/* Begin PBXResourcesBuildPhase section */
		DB08A69C2B9A5AFA009E1014 /* Resources */ = {
			isa = PBXResourcesBuildPhase;
			buildActionMask = 2147483647;
			files = (
				DB08A6AE2B9A5AFA009E1014 /* Preview Assets.xcassets in Resources */,
				DB08A6AB2B9A5AFA009E1014 /* Assets.xcassets in Resources */,
			);
			runOnlyForDeploymentPostprocessing = 0;
		};
		DB08A6B22B9A5AFB009E1014 /* Resources */ = {
			isa = PBXResourcesBuildPhase;
			buildActionMask = 2147483647;
			files = (
			);
			runOnlyForDeploymentPostprocessing = 0;
		};
		DB44DCE32B9A02DD00466340 /* Resources */ = {
			isa = PBXResourcesBuildPhase;
			buildActionMask = 2147483647;
			files = (
				DB44DCF12B9A02DE00466340 /* Preview Assets.xcassets in Resources */,
				DB44DCED2B9A02DE00466340 /* Assets.xcassets in Resources */,
			);
			runOnlyForDeploymentPostprocessing = 0;
		};
		DB44DCF42B9A02DE00466340 /* Resources */ = {
			isa = PBXResourcesBuildPhase;
			buildActionMask = 2147483647;
			files = (
			);
			runOnlyForDeploymentPostprocessing = 0;
		};
		DB44DCFE2B9A02DE00466340 /* Resources */ = {
			isa = PBXResourcesBuildPhase;
			buildActionMask = 2147483647;
			files = (
			);
			runOnlyForDeploymentPostprocessing = 0;
		};
		DB44DD1A2B9A382C00466340 /* Resources */ = {
			isa = PBXResourcesBuildPhase;
			buildActionMask = 2147483647;
			files = (
				DB44DD262B9A382D00466340 /* Preview Assets.xcassets in Resources */,
				DB44DD232B9A382D00466340 /* Assets.xcassets in Resources */,
			);
			runOnlyForDeploymentPostprocessing = 0;
		};
		DB44DD292B9A382D00466340 /* Resources */ = {
			isa = PBXResourcesBuildPhase;
			buildActionMask = 2147483647;
			files = (
			);
			runOnlyForDeploymentPostprocessing = 0;
		};
		DB44DD332B9A382D00466340 /* Resources */ = {
			isa = PBXResourcesBuildPhase;
			buildActionMask = 2147483647;
			files = (
			);
			runOnlyForDeploymentPostprocessing = 0;
		};
/* End PBXResourcesBuildPhase section */

/* Begin PBXSourcesBuildPhase section */
		DB08A69A2B9A5AFA009E1014 /* Sources */ = {
			isa = PBXSourcesBuildPhase;
			buildActionMask = 2147483647;
			files = (
				DB08A6A72B9A5AFA009E1014 /* ContentView.swift in Sources */,
				DB08A6A52B9A5AFA009E1014 /* CompteurVisionApp.swift in Sources */,
				DB08A6A92B9A5AFA009E1014 /* ImmersiveView.swift in Sources */,
			);
			runOnlyForDeploymentPostprocessing = 0;
		};
		DB08A6B02B9A5AFB009E1014 /* Sources */ = {
			isa = PBXSourcesBuildPhase;
			buildActionMask = 2147483647;
			files = (
				DB08A6B92B9A5AFB009E1014 /* CompteurVisionTests.swift in Sources */,
			);
			runOnlyForDeploymentPostprocessing = 0;
		};
		DB44DCE12B9A02DD00466340 /* Sources */ = {
			isa = PBXSourcesBuildPhase;
			buildActionMask = 2147483647;
			files = (
				DB44DCEB2B9A02DD00466340 /* ContentView.swift in Sources */,
				DB44DCE92B9A02DD00466340 /* CompteurUniversalApp.swift in Sources */,
			);
			runOnlyForDeploymentPostprocessing = 0;
		};
		DB44DCF22B9A02DE00466340 /* Sources */ = {
			isa = PBXSourcesBuildPhase;
			buildActionMask = 2147483647;
			files = (
				DB44DCFB2B9A02DE00466340 /* CompteurUniversalTests.swift in Sources */,
			);
			runOnlyForDeploymentPostprocessing = 0;
		};
		DB44DCFC2B9A02DE00466340 /* Sources */ = {
			isa = PBXSourcesBuildPhase;
			buildActionMask = 2147483647;
			files = (
				DB44DD052B9A02DE00466340 /* CompteurUniversalUITests.swift in Sources */,
				DB44DD072B9A02DE00466340 /* CompteurUniversalUITestsLaunchTests.swift in Sources */,
			);
			runOnlyForDeploymentPostprocessing = 0;
		};
		DB44DD182B9A382C00466340 /* Sources */ = {
			isa = PBXSourcesBuildPhase;
			buildActionMask = 2147483647;
			files = (
				DB44DD212B9A382C00466340 /* ContentView.swift in Sources */,
				DB44DD1F2B9A382C00466340 /* CompteurWatchApp.swift in Sources */,
			);
			runOnlyForDeploymentPostprocessing = 0;
		};
		DB44DD272B9A382D00466340 /* Sources */ = {
			isa = PBXSourcesBuildPhase;
			buildActionMask = 2147483647;
			files = (
				DB44DD302B9A382D00466340 /* CompteurWatch_Watch_AppTests.swift in Sources */,
			);
			runOnlyForDeploymentPostprocessing = 0;
		};
		DB44DD312B9A382D00466340 /* Sources */ = {
			isa = PBXSourcesBuildPhase;
			buildActionMask = 2147483647;
			files = (
				DB44DD3A2B9A382D00466340 /* CompteurWatch_Watch_AppUITests.swift in Sources */,
				DB44DD3C2B9A382D00466340 /* CompteurWatch_Watch_AppUITestsLaunchTests.swift in Sources */,
			);
			runOnlyForDeploymentPostprocessing = 0;
		};
/* End PBXSourcesBuildPhase section */

/* Begin PBXTargetDependency section */
		DB08A6B62B9A5AFB009E1014 /* PBXTargetDependency */ = {
			isa = PBXTargetDependency;
			target = DB08A69D2B9A5AFA009E1014 /* CompteurVision */;
			targetProxy = DB08A6B52B9A5AFB009E1014 /* PBXContainerItemProxy */;
		};
		DB44DCF82B9A02DE00466340 /* PBXTargetDependency */ = {
			isa = PBXTargetDependency;
			target = DB44DCE42B9A02DD00466340 /* CompteurUniversal */;
			targetProxy = DB44DCF72B9A02DE00466340 /* PBXContainerItemProxy */;
		};
		DB44DD022B9A02DE00466340 /* PBXTargetDependency */ = {
			isa = PBXTargetDependency;
			target = DB44DCE42B9A02DD00466340 /* CompteurUniversal */;
			targetProxy = DB44DD012B9A02DE00466340 /* PBXContainerItemProxy */;
		};
		DB44DD2D2B9A382D00466340 /* PBXTargetDependency */ = {
			isa = PBXTargetDependency;
			target = DB44DD1B2B9A382C00466340 /* CompteurWatch Watch App */;
			targetProxy = DB44DD2C2B9A382D00466340 /* PBXContainerItemProxy */;
		};
		DB44DD372B9A382D00466340 /* PBXTargetDependency */ = {
			isa = PBXTargetDependency;
			target = DB44DD1B2B9A382C00466340 /* CompteurWatch Watch App */;
			targetProxy = DB44DD362B9A382D00466340 /* PBXContainerItemProxy */;
		};
		DB44DD3E2B9A382D00466340 /* PBXTargetDependency */ = {
			isa = PBXTargetDependency;
			platformFilter = ios;
			target = DB44DD1B2B9A382C00466340 /* CompteurWatch Watch App */;
			targetProxy = DB44DD3D2B9A382D00466340 /* PBXContainerItemProxy */;
		};
/* End PBXTargetDependency section */

/* Begin XCBuildConfiguration section */
		DB08A6BA2B9A5AFB009E1014 /* Debug */ = {
			isa = XCBuildConfiguration;
			buildSettings = {
				ASSETCATALOG_COMPILER_APPICON_NAME = AppIcon;
				ASSETCATALOG_COMPILER_GLOBAL_ACCENT_COLOR_NAME = AccentColor;
				CODE_SIGN_STYLE = Automatic;
				CURRENT_PROJECT_VERSION = 1;
				DEVELOPMENT_ASSET_PATHS = "\"CompteurVision/Preview Content\"";
				DEVELOPMENT_TEAM = J58PRAMLMX;
				ENABLE_PREVIEWS = YES;
				GENERATE_INFOPLIST_FILE = YES;
				INFOPLIST_FILE = "$(TARGET_NAME)/Info.plist";
				LD_RUNPATH_SEARCH_PATHS = (
					"$(inherited)",
					"@executable_path/Frameworks",
				);
				MARKETING_VERSION = 1.0;
				PRODUCT_BUNDLE_IDENTIFIER = com.lukas.CompteurVision;
				PRODUCT_NAME = "$(TARGET_NAME)";
				SDKROOT = xros;
				SUPPORTED_PLATFORMS = "xros xrsimulator";
				SWIFT_EMIT_LOC_STRINGS = YES;
				SWIFT_VERSION = 5.0;
				TARGETED_DEVICE_FAMILY = "1,2,7";
				XROS_DEPLOYMENT_TARGET = 1.1;
			};
			name = Debug;
		};
		DB08A6BB2B9A5AFB009E1014 /* Release */ = {
			isa = XCBuildConfiguration;
			buildSettings = {
				ASSETCATALOG_COMPILER_APPICON_NAME = AppIcon;
				ASSETCATALOG_COMPILER_GLOBAL_ACCENT_COLOR_NAME = AccentColor;
				CODE_SIGN_STYLE = Automatic;
				CURRENT_PROJECT_VERSION = 1;
				DEVELOPMENT_ASSET_PATHS = "\"CompteurVision/Preview Content\"";
				DEVELOPMENT_TEAM = J58PRAMLMX;
				ENABLE_PREVIEWS = YES;
				GENERATE_INFOPLIST_FILE = YES;
				INFOPLIST_FILE = "$(TARGET_NAME)/Info.plist";
				LD_RUNPATH_SEARCH_PATHS = (
					"$(inherited)",
					"@executable_path/Frameworks",
				);
				MARKETING_VERSION = 1.0;
				PRODUCT_BUNDLE_IDENTIFIER = com.lukas.CompteurVision;
				PRODUCT_NAME = "$(TARGET_NAME)";
				SDKROOT = xros;
				SUPPORTED_PLATFORMS = "xros xrsimulator";
				SWIFT_EMIT_LOC_STRINGS = YES;
				SWIFT_VERSION = 5.0;
				TARGETED_DEVICE_FAMILY = "1,2,7";
				VALIDATE_PRODUCT = YES;
				XROS_DEPLOYMENT_TARGET = 1.1;
			};
			name = Release;
		};
		DB08A6BC2B9A5AFB009E1014 /* Debug */ = {
			isa = XCBuildConfiguration;
			buildSettings = {
				ALWAYS_EMBED_SWIFT_STANDARD_LIBRARIES = YES;
				BUNDLE_LOADER = "$(TEST_HOST)";
				CODE_SIGN_STYLE = Automatic;
				CURRENT_PROJECT_VERSION = 1;
				DEVELOPMENT_TEAM = J58PRAMLMX;
				GENERATE_INFOPLIST_FILE = YES;
				MARKETING_VERSION = 1.0;
				PRODUCT_BUNDLE_IDENTIFIER = com.lukas.CompteurVisionTests;
				PRODUCT_NAME = "$(TARGET_NAME)";
				SDKROOT = xros;
				SUPPORTED_PLATFORMS = "xros xrsimulator";
				SWIFT_EMIT_LOC_STRINGS = NO;
				SWIFT_VERSION = 5.0;
				TARGETED_DEVICE_FAMILY = "1,2,7";
				TEST_HOST = "$(BUILT_PRODUCTS_DIR)/CompteurVision.app/$(BUNDLE_EXECUTABLE_FOLDER_PATH)/CompteurVision";
				XROS_DEPLOYMENT_TARGET = 1.1;
			};
			name = Debug;
		};
		DB08A6BD2B9A5AFB009E1014 /* Release */ = {
			isa = XCBuildConfiguration;
			buildSettings = {
				ALWAYS_EMBED_SWIFT_STANDARD_LIBRARIES = YES;
				BUNDLE_LOADER = "$(TEST_HOST)";
				CODE_SIGN_STYLE = Automatic;
				CURRENT_PROJECT_VERSION = 1;
				DEVELOPMENT_TEAM = J58PRAMLMX;
				GENERATE_INFOPLIST_FILE = YES;
				MARKETING_VERSION = 1.0;
				PRODUCT_BUNDLE_IDENTIFIER = com.lukas.CompteurVisionTests;
				PRODUCT_NAME = "$(TARGET_NAME)";
				SDKROOT = xros;
				SUPPORTED_PLATFORMS = "xros xrsimulator";
				SWIFT_EMIT_LOC_STRINGS = NO;
				SWIFT_VERSION = 5.0;
				TARGETED_DEVICE_FAMILY = "1,2,7";
				TEST_HOST = "$(BUILT_PRODUCTS_DIR)/CompteurVision.app/$(BUNDLE_EXECUTABLE_FOLDER_PATH)/CompteurVision";
				VALIDATE_PRODUCT = YES;
				XROS_DEPLOYMENT_TARGET = 1.1;
			};
			name = Release;
		};
		DB44DD082B9A02DE00466340 /* Debug */ = {
			isa = XCBuildConfiguration;
			buildSettings = {
				ALWAYS_SEARCH_USER_PATHS = NO;
				ASSETCATALOG_COMPILER_GENERATE_SWIFT_ASSET_SYMBOL_EXTENSIONS = YES;
				CLANG_ANALYZER_NONNULL = YES;
				CLANG_ANALYZER_NUMBER_OBJECT_CONVERSION = YES_AGGRESSIVE;
				CLANG_CXX_LANGUAGE_STANDARD = "gnu++20";
				CLANG_ENABLE_MODULES = YES;
				CLANG_ENABLE_OBJC_ARC = YES;
				CLANG_ENABLE_OBJC_WEAK = YES;
				CLANG_WARN_BLOCK_CAPTURE_AUTORELEASING = YES;
				CLANG_WARN_BOOL_CONVERSION = YES;
				CLANG_WARN_COMMA = YES;
				CLANG_WARN_CONSTANT_CONVERSION = YES;
				CLANG_WARN_DEPRECATED_OBJC_IMPLEMENTATIONS = YES;
				CLANG_WARN_DIRECT_OBJC_ISA_USAGE = YES_ERROR;
				CLANG_WARN_DOCUMENTATION_COMMENTS = YES;
				CLANG_WARN_EMPTY_BODY = YES;
				CLANG_WARN_ENUM_CONVERSION = YES;
				CLANG_WARN_INFINITE_RECURSION = YES;
				CLANG_WARN_INT_CONVERSION = YES;
				CLANG_WARN_NON_LITERAL_NULL_CONVERSION = YES;
				CLANG_WARN_OBJC_IMPLICIT_RETAIN_SELF = YES;
				CLANG_WARN_OBJC_LITERAL_CONVERSION = YES;
				CLANG_WARN_OBJC_ROOT_CLASS = YES_ERROR;
				CLANG_WARN_QUOTED_INCLUDE_IN_FRAMEWORK_HEADER = YES;
				CLANG_WARN_RANGE_LOOP_ANALYSIS = YES;
				CLANG_WARN_STRICT_PROTOTYPES = YES;
				CLANG_WARN_SUSPICIOUS_MOVE = YES;
				CLANG_WARN_UNGUARDED_AVAILABILITY = YES_AGGRESSIVE;
				CLANG_WARN_UNREACHABLE_CODE = YES;
				CLANG_WARN__DUPLICATE_METHOD_MATCH = YES;
				COPY_PHASE_STRIP = NO;
				DEBUG_INFORMATION_FORMAT = dwarf;
				ENABLE_STRICT_OBJC_MSGSEND = YES;
				ENABLE_TESTABILITY = YES;
				ENABLE_USER_SCRIPT_SANDBOXING = YES;
				GCC_C_LANGUAGE_STANDARD = gnu17;
				GCC_DYNAMIC_NO_PIC = NO;
				GCC_NO_COMMON_BLOCKS = YES;
				GCC_OPTIMIZATION_LEVEL = 0;
				GCC_PREPROCESSOR_DEFINITIONS = (
					"DEBUG=1",
					"$(inherited)",
				);
				GCC_WARN_64_TO_32_BIT_CONVERSION = YES;
				GCC_WARN_ABOUT_RETURN_TYPE = YES_ERROR;
				GCC_WARN_UNDECLARED_SELECTOR = YES;
				GCC_WARN_UNINITIALIZED_AUTOS = YES_AGGRESSIVE;
				GCC_WARN_UNUSED_FUNCTION = YES;
				GCC_WARN_UNUSED_VARIABLE = YES;
				LOCALIZATION_PREFERS_STRING_CATALOGS = YES;
				MTL_ENABLE_DEBUG_INFO = INCLUDE_SOURCE;
				MTL_FAST_MATH = YES;
				ONLY_ACTIVE_ARCH = YES;
				SWIFT_ACTIVE_COMPILATION_CONDITIONS = "DEBUG $(inherited)";
				SWIFT_OPTIMIZATION_LEVEL = "-Onone";
			};
			name = Debug;
		};
		DB44DD092B9A02DE00466340 /* Release */ = {
			isa = XCBuildConfiguration;
			buildSettings = {
				ALWAYS_SEARCH_USER_PATHS = NO;
				ASSETCATALOG_COMPILER_GENERATE_SWIFT_ASSET_SYMBOL_EXTENSIONS = YES;
				CLANG_ANALYZER_NONNULL = YES;
				CLANG_ANALYZER_NUMBER_OBJECT_CONVERSION = YES_AGGRESSIVE;
				CLANG_CXX_LANGUAGE_STANDARD = "gnu++20";
				CLANG_ENABLE_MODULES = YES;
				CLANG_ENABLE_OBJC_ARC = YES;
				CLANG_ENABLE_OBJC_WEAK = YES;
				CLANG_WARN_BLOCK_CAPTURE_AUTORELEASING = YES;
				CLANG_WARN_BOOL_CONVERSION = YES;
				CLANG_WARN_COMMA = YES;
				CLANG_WARN_CONSTANT_CONVERSION = YES;
				CLANG_WARN_DEPRECATED_OBJC_IMPLEMENTATIONS = YES;
				CLANG_WARN_DIRECT_OBJC_ISA_USAGE = YES_ERROR;
				CLANG_WARN_DOCUMENTATION_COMMENTS = YES;
				CLANG_WARN_EMPTY_BODY = YES;
				CLANG_WARN_ENUM_CONVERSION = YES;
				CLANG_WARN_INFINITE_RECURSION = YES;
				CLANG_WARN_INT_CONVERSION = YES;
				CLANG_WARN_NON_LITERAL_NULL_CONVERSION = YES;
				CLANG_WARN_OBJC_IMPLICIT_RETAIN_SELF = YES;
				CLANG_WARN_OBJC_LITERAL_CONVERSION = YES;
				CLANG_WARN_OBJC_ROOT_CLASS = YES_ERROR;
				CLANG_WARN_QUOTED_INCLUDE_IN_FRAMEWORK_HEADER = YES;
				CLANG_WARN_RANGE_LOOP_ANALYSIS = YES;
				CLANG_WARN_STRICT_PROTOTYPES = YES;
				CLANG_WARN_SUSPICIOUS_MOVE = YES;
				CLANG_WARN_UNGUARDED_AVAILABILITY = YES_AGGRESSIVE;
				CLANG_WARN_UNREACHABLE_CODE = YES;
				CLANG_WARN__DUPLICATE_METHOD_MATCH = YES;
				COPY_PHASE_STRIP = NO;
				DEBUG_INFORMATION_FORMAT = "dwarf-with-dsym";
				ENABLE_NS_ASSERTIONS = NO;
				ENABLE_STRICT_OBJC_MSGSEND = YES;
				ENABLE_USER_SCRIPT_SANDBOXING = YES;
				GCC_C_LANGUAGE_STANDARD = gnu17;
				GCC_NO_COMMON_BLOCKS = YES;
				GCC_WARN_64_TO_32_BIT_CONVERSION = YES;
				GCC_WARN_ABOUT_RETURN_TYPE = YES_ERROR;
				GCC_WARN_UNDECLARED_SELECTOR = YES;
				GCC_WARN_UNINITIALIZED_AUTOS = YES_AGGRESSIVE;
				GCC_WARN_UNUSED_FUNCTION = YES;
				GCC_WARN_UNUSED_VARIABLE = YES;
				LOCALIZATION_PREFERS_STRING_CATALOGS = YES;
				MTL_ENABLE_DEBUG_INFO = NO;
				MTL_FAST_MATH = YES;
				SWIFT_COMPILATION_MODE = wholemodule;
			};
			name = Release;
		};
		DB44DD0B2B9A02DE00466340 /* Debug */ = {
			isa = XCBuildConfiguration;
			buildSettings = {
				ALWAYS_EMBED_SWIFT_STANDARD_LIBRARIES = YES;
				ASSETCATALOG_COMPILER_APPICON_NAME = AppIcon;
				ASSETCATALOG_COMPILER_GLOBAL_ACCENT_COLOR_NAME = AccentColor;
				CODE_SIGN_ENTITLEMENTS = CompteurUniversal/CompteurUniversal.entitlements;
				CODE_SIGN_STYLE = Automatic;
				CURRENT_PROJECT_VERSION = 1;
				DEVELOPMENT_ASSET_PATHS = "\"CompteurUniversal/Preview Content\"";
				DEVELOPMENT_TEAM = TG3S7QB2LR;
				ENABLE_HARDENED_RUNTIME = YES;
				ENABLE_PREVIEWS = YES;
				GENERATE_INFOPLIST_FILE = YES;
				INFOPLIST_KEY_CFBundleDisplayName = CompteurSwift;
				INFOPLIST_KEY_LSApplicationCategoryType = "public.app-category.utilities";
				"INFOPLIST_KEY_UIApplicationSceneManifest_Generation[sdk=iphoneos*]" = YES;
				"INFOPLIST_KEY_UIApplicationSceneManifest_Generation[sdk=iphonesimulator*]" = YES;
				"INFOPLIST_KEY_UIApplicationSupportsIndirectInputEvents[sdk=iphoneos*]" = YES;
				"INFOPLIST_KEY_UIApplicationSupportsIndirectInputEvents[sdk=iphonesimulator*]" = YES;
				"INFOPLIST_KEY_UILaunchScreen_Generation[sdk=iphoneos*]" = YES;
				"INFOPLIST_KEY_UILaunchScreen_Generation[sdk=iphonesimulator*]" = YES;
				"INFOPLIST_KEY_UIStatusBarStyle[sdk=iphoneos*]" = UIStatusBarStyleDefault;
				"INFOPLIST_KEY_UIStatusBarStyle[sdk=iphonesimulator*]" = UIStatusBarStyleDefault;
				INFOPLIST_KEY_UISupportedInterfaceOrientations_iPad = "UIInterfaceOrientationPortrait UIInterfaceOrientationPortraitUpsideDown UIInterfaceOrientationLandscapeLeft UIInterfaceOrientationLandscapeRight";
				INFOPLIST_KEY_UISupportedInterfaceOrientations_iPhone = "UIInterfaceOrientationPortrait UIInterfaceOrientationLandscapeLeft UIInterfaceOrientationLandscapeRight";
				IPHONEOS_DEPLOYMENT_TARGET = 17.3;
				LD_RUNPATH_SEARCH_PATHS = "@executable_path/Frameworks";
				"LD_RUNPATH_SEARCH_PATHS[sdk=macosx*]" = "@executable_path/../Frameworks";
				MACOSX_DEPLOYMENT_TARGET = 14.3;
				MARKETING_VERSION = 1.0;
				PRODUCT_BUNDLE_IDENTIFIER = com.lukas.CompteurUniversal2;
				PRODUCT_NAME = "$(TARGET_NAME)";
				SDKROOT = auto;
				SUPPORTED_PLATFORMS = "iphoneos iphonesimulator macosx";
				SWIFT_EMIT_LOC_STRINGS = YES;
				SWIFT_VERSION = 5.0;
				TARGETED_DEVICE_FAMILY = "1,2";
			};
			name = Debug;
		};
		DB44DD0C2B9A02DE00466340 /* Release */ = {
			isa = XCBuildConfiguration;
			buildSettings = {
				ALWAYS_EMBED_SWIFT_STANDARD_LIBRARIES = YES;
				ASSETCATALOG_COMPILER_APPICON_NAME = AppIcon;
				ASSETCATALOG_COMPILER_GLOBAL_ACCENT_COLOR_NAME = AccentColor;
				CODE_SIGN_ENTITLEMENTS = CompteurUniversal/CompteurUniversal.entitlements;
				CODE_SIGN_STYLE = Automatic;
				CURRENT_PROJECT_VERSION = 1;
				DEVELOPMENT_ASSET_PATHS = "\"CompteurUniversal/Preview Content\"";
				DEVELOPMENT_TEAM = TG3S7QB2LR;
				ENABLE_HARDENED_RUNTIME = YES;
				ENABLE_PREVIEWS = YES;
				GENERATE_INFOPLIST_FILE = YES;
				INFOPLIST_KEY_CFBundleDisplayName = CompteurSwift;
				INFOPLIST_KEY_LSApplicationCategoryType = "public.app-category.utilities";
				"INFOPLIST_KEY_UIApplicationSceneManifest_Generation[sdk=iphoneos*]" = YES;
				"INFOPLIST_KEY_UIApplicationSceneManifest_Generation[sdk=iphonesimulator*]" = YES;
				"INFOPLIST_KEY_UIApplicationSupportsIndirectInputEvents[sdk=iphoneos*]" = YES;
				"INFOPLIST_KEY_UIApplicationSupportsIndirectInputEvents[sdk=iphonesimulator*]" = YES;
				"INFOPLIST_KEY_UILaunchScreen_Generation[sdk=iphoneos*]" = YES;
				"INFOPLIST_KEY_UILaunchScreen_Generation[sdk=iphonesimulator*]" = YES;
				"INFOPLIST_KEY_UIStatusBarStyle[sdk=iphoneos*]" = UIStatusBarStyleDefault;
				"INFOPLIST_KEY_UIStatusBarStyle[sdk=iphonesimulator*]" = UIStatusBarStyleDefault;
				INFOPLIST_KEY_UISupportedInterfaceOrientations_iPad = "UIInterfaceOrientationPortrait UIInterfaceOrientationPortraitUpsideDown UIInterfaceOrientationLandscapeLeft UIInterfaceOrientationLandscapeRight";
				INFOPLIST_KEY_UISupportedInterfaceOrientations_iPhone = "UIInterfaceOrientationPortrait UIInterfaceOrientationLandscapeLeft UIInterfaceOrientationLandscapeRight";
				IPHONEOS_DEPLOYMENT_TARGET = 17.3;
				LD_RUNPATH_SEARCH_PATHS = "@executable_path/Frameworks";
				"LD_RUNPATH_SEARCH_PATHS[sdk=macosx*]" = "@executable_path/../Frameworks";
				MACOSX_DEPLOYMENT_TARGET = 14.3;
				MARKETING_VERSION = 1.0;
				PRODUCT_BUNDLE_IDENTIFIER = com.lukas.CompteurUniversal2;
				PRODUCT_NAME = "$(TARGET_NAME)";
				SDKROOT = auto;
				SUPPORTED_PLATFORMS = "iphoneos iphonesimulator macosx";
				SWIFT_EMIT_LOC_STRINGS = YES;
				SWIFT_VERSION = 5.0;
				TARGETED_DEVICE_FAMILY = "1,2";
			};
			name = Release;
		};
		DB44DD0E2B9A02DE00466340 /* Debug */ = {
			isa = XCBuildConfiguration;
			buildSettings = {
				ALWAYS_EMBED_SWIFT_STANDARD_LIBRARIES = YES;
				BUNDLE_LOADER = "$(TEST_HOST)";
				CODE_SIGN_STYLE = Automatic;
				CURRENT_PROJECT_VERSION = 1;
				DEVELOPMENT_TEAM = J58PRAMLMX;
				GENERATE_INFOPLIST_FILE = YES;
				IPHONEOS_DEPLOYMENT_TARGET = 17.4;
				MACOSX_DEPLOYMENT_TARGET = 14.3;
				MARKETING_VERSION = 1.0;
				PRODUCT_BUNDLE_IDENTIFIER = com.lukas.CompteurUniversalTests;
				PRODUCT_NAME = "$(TARGET_NAME)";
				SDKROOT = auto;
				SUPPORTED_PLATFORMS = "iphoneos iphonesimulator macosx";
				SWIFT_EMIT_LOC_STRINGS = NO;
				SWIFT_VERSION = 5.0;
				TARGETED_DEVICE_FAMILY = "1,2";
				TEST_HOST = "$(BUILT_PRODUCTS_DIR)/CompteurUniversal.app/$(BUNDLE_EXECUTABLE_FOLDER_PATH)/CompteurUniversal";
			};
			name = Debug;
		};
		DB44DD0F2B9A02DE00466340 /* Release */ = {
			isa = XCBuildConfiguration;
			buildSettings = {
				ALWAYS_EMBED_SWIFT_STANDARD_LIBRARIES = YES;
				BUNDLE_LOADER = "$(TEST_HOST)";
				CODE_SIGN_STYLE = Automatic;
				CURRENT_PROJECT_VERSION = 1;
				DEVELOPMENT_TEAM = J58PRAMLMX;
				GENERATE_INFOPLIST_FILE = YES;
				IPHONEOS_DEPLOYMENT_TARGET = 17.4;
				MACOSX_DEPLOYMENT_TARGET = 14.3;
				MARKETING_VERSION = 1.0;
				PRODUCT_BUNDLE_IDENTIFIER = com.lukas.CompteurUniversalTests;
				PRODUCT_NAME = "$(TARGET_NAME)";
				SDKROOT = auto;
				SUPPORTED_PLATFORMS = "iphoneos iphonesimulator macosx";
				SWIFT_EMIT_LOC_STRINGS = NO;
				SWIFT_VERSION = 5.0;
				TARGETED_DEVICE_FAMILY = "1,2";
				TEST_HOST = "$(BUILT_PRODUCTS_DIR)/CompteurUniversal.app/$(BUNDLE_EXECUTABLE_FOLDER_PATH)/CompteurUniversal";
			};
			name = Release;
		};
		DB44DD112B9A02DE00466340 /* Debug */ = {
			isa = XCBuildConfiguration;
			buildSettings = {
				ALWAYS_EMBED_SWIFT_STANDARD_LIBRARIES = YES;
				CODE_SIGN_STYLE = Automatic;
				CURRENT_PROJECT_VERSION = 1;
				DEVELOPMENT_TEAM = J58PRAMLMX;
				GENERATE_INFOPLIST_FILE = YES;
				IPHONEOS_DEPLOYMENT_TARGET = 17.4;
				MACOSX_DEPLOYMENT_TARGET = 14.3;
				MARKETING_VERSION = 1.0;
				PRODUCT_BUNDLE_IDENTIFIER = com.lukas.CompteurUniversalUITests;
				PRODUCT_NAME = "$(TARGET_NAME)";
				SDKROOT = auto;
				SUPPORTED_PLATFORMS = "iphoneos iphonesimulator macosx";
				SWIFT_EMIT_LOC_STRINGS = NO;
				SWIFT_VERSION = 5.0;
				TARGETED_DEVICE_FAMILY = "1,2";
				TEST_TARGET_NAME = CompteurUniversal;
			};
			name = Debug;
		};
		DB44DD122B9A02DE00466340 /* Release */ = {
			isa = XCBuildConfiguration;
			buildSettings = {
				ALWAYS_EMBED_SWIFT_STANDARD_LIBRARIES = YES;
				CODE_SIGN_STYLE = Automatic;
				CURRENT_PROJECT_VERSION = 1;
				DEVELOPMENT_TEAM = J58PRAMLMX;
				GENERATE_INFOPLIST_FILE = YES;
				IPHONEOS_DEPLOYMENT_TARGET = 17.4;
				MACOSX_DEPLOYMENT_TARGET = 14.3;
				MARKETING_VERSION = 1.0;
				PRODUCT_BUNDLE_IDENTIFIER = com.lukas.CompteurUniversalUITests;
				PRODUCT_NAME = "$(TARGET_NAME)";
				SDKROOT = auto;
				SUPPORTED_PLATFORMS = "iphoneos iphonesimulator macosx";
				SWIFT_EMIT_LOC_STRINGS = NO;
				SWIFT_VERSION = 5.0;
				TARGETED_DEVICE_FAMILY = "1,2";
				TEST_TARGET_NAME = CompteurUniversal;
			};
			name = Release;
		};
		DB44DD412B9A382D00466340 /* Debug */ = {
			isa = XCBuildConfiguration;
			buildSettings = {
				ASSETCATALOG_COMPILER_APPICON_NAME = AppIcon;
				ASSETCATALOG_COMPILER_GLOBAL_ACCENT_COLOR_NAME = AccentColor;
				CODE_SIGN_STYLE = Automatic;
				CURRENT_PROJECT_VERSION = 1;
				DEVELOPMENT_ASSET_PATHS = "\"CompteurWatch Watch App/Preview Content\"";
				DEVELOPMENT_TEAM = TG3S7QB2LR;
				ENABLE_PREVIEWS = YES;
				GENERATE_INFOPLIST_FILE = YES;
				INFOPLIST_KEY_CFBundleDisplayName = CompteurWatch;
				INFOPLIST_KEY_UISupportedInterfaceOrientations = "UIInterfaceOrientationPortrait UIInterfaceOrientationPortraitUpsideDown";
				INFOPLIST_KEY_WKCompanionAppBundleIdentifier = com.lukas.CompteurUniversal2;
				INFOPLIST_KEY_WKRunsIndependentlyOfCompanionApp = YES;
				LD_RUNPATH_SEARCH_PATHS = (
					"$(inherited)",
					"@executable_path/Frameworks",
				);
				MARKETING_VERSION = 1.0;
				PRODUCT_BUNDLE_IDENTIFIER = com.lukas.CompteurUniversal2.watchkitapp;
				PRODUCT_NAME = "$(TARGET_NAME)";
				SDKROOT = watchos;
				SKIP_INSTALL = YES;
				SWIFT_EMIT_LOC_STRINGS = YES;
				SWIFT_VERSION = 5.0;
				TARGETED_DEVICE_FAMILY = 4;
				WATCHOS_DEPLOYMENT_TARGET = 10.2;
			};
			name = Debug;
		};
		DB44DD422B9A382D00466340 /* Release */ = {
			isa = XCBuildConfiguration;
			buildSettings = {
				ASSETCATALOG_COMPILER_APPICON_NAME = AppIcon;
				ASSETCATALOG_COMPILER_GLOBAL_ACCENT_COLOR_NAME = AccentColor;
				CODE_SIGN_STYLE = Automatic;
				CURRENT_PROJECT_VERSION = 1;
				DEVELOPMENT_ASSET_PATHS = "\"CompteurWatch Watch App/Preview Content\"";
				DEVELOPMENT_TEAM = TG3S7QB2LR;
				ENABLE_PREVIEWS = YES;
				GENERATE_INFOPLIST_FILE = YES;
				INFOPLIST_KEY_CFBundleDisplayName = CompteurWatch;
				INFOPLIST_KEY_UISupportedInterfaceOrientations = "UIInterfaceOrientationPortrait UIInterfaceOrientationPortraitUpsideDown";
				INFOPLIST_KEY_WKCompanionAppBundleIdentifier = com.lukas.CompteurUniversal2;
				INFOPLIST_KEY_WKRunsIndependentlyOfCompanionApp = YES;
				LD_RUNPATH_SEARCH_PATHS = (
					"$(inherited)",
					"@executable_path/Frameworks",
				);
				MARKETING_VERSION = 1.0;
				PRODUCT_BUNDLE_IDENTIFIER = com.lukas.CompteurUniversal2.watchkitapp;
				PRODUCT_NAME = "$(TARGET_NAME)";
				SDKROOT = watchos;
				SKIP_INSTALL = YES;
				SWIFT_EMIT_LOC_STRINGS = YES;
				SWIFT_VERSION = 5.0;
				TARGETED_DEVICE_FAMILY = 4;
				VALIDATE_PRODUCT = YES;
				WATCHOS_DEPLOYMENT_TARGET = 10.2;
			};
			name = Release;
		};
		DB44DD452B9A382D00466340 /* Debug */ = {
			isa = XCBuildConfiguration;
			buildSettings = {
				ALWAYS_EMBED_SWIFT_STANDARD_LIBRARIES = YES;
				BUNDLE_LOADER = "$(TEST_HOST)";
				CODE_SIGN_STYLE = Automatic;
				CURRENT_PROJECT_VERSION = 1;
				DEVELOPMENT_TEAM = J58PRAMLMX;
				GENERATE_INFOPLIST_FILE = YES;
				MARKETING_VERSION = 1.0;
				PRODUCT_BUNDLE_IDENTIFIER = "com.lukas.CompteurWatch-Watch-AppTests";
				PRODUCT_NAME = "$(TARGET_NAME)";
				SDKROOT = watchos;
				SWIFT_EMIT_LOC_STRINGS = NO;
				SWIFT_VERSION = 5.0;
				TARGETED_DEVICE_FAMILY = 4;
				TEST_HOST = "$(BUILT_PRODUCTS_DIR)/CompteurWatch Watch App.app/$(BUNDLE_EXECUTABLE_FOLDER_PATH)/CompteurWatch Watch App";
				WATCHOS_DEPLOYMENT_TARGET = 10.4;
			};
			name = Debug;
		};
		DB44DD462B9A382D00466340 /* Release */ = {
			isa = XCBuildConfiguration;
			buildSettings = {
				ALWAYS_EMBED_SWIFT_STANDARD_LIBRARIES = YES;
				BUNDLE_LOADER = "$(TEST_HOST)";
				CODE_SIGN_STYLE = Automatic;
				CURRENT_PROJECT_VERSION = 1;
				DEVELOPMENT_TEAM = J58PRAMLMX;
				GENERATE_INFOPLIST_FILE = YES;
				MARKETING_VERSION = 1.0;
				PRODUCT_BUNDLE_IDENTIFIER = "com.lukas.CompteurWatch-Watch-AppTests";
				PRODUCT_NAME = "$(TARGET_NAME)";
				SDKROOT = watchos;
				SWIFT_EMIT_LOC_STRINGS = NO;
				SWIFT_VERSION = 5.0;
				TARGETED_DEVICE_FAMILY = 4;
				TEST_HOST = "$(BUILT_PRODUCTS_DIR)/CompteurWatch Watch App.app/$(BUNDLE_EXECUTABLE_FOLDER_PATH)/CompteurWatch Watch App";
				VALIDATE_PRODUCT = YES;
				WATCHOS_DEPLOYMENT_TARGET = 10.4;
			};
			name = Release;
		};
		DB44DD482B9A382D00466340 /* Debug */ = {
			isa = XCBuildConfiguration;
			buildSettings = {
				ALWAYS_EMBED_SWIFT_STANDARD_LIBRARIES = YES;
				CODE_SIGN_STYLE = Automatic;
				CURRENT_PROJECT_VERSION = 1;
				DEVELOPMENT_TEAM = J58PRAMLMX;
				GENERATE_INFOPLIST_FILE = YES;
				MARKETING_VERSION = 1.0;
				PRODUCT_BUNDLE_IDENTIFIER = "com.lukas.CompteurWatch-Watch-AppUITests";
				PRODUCT_NAME = "$(TARGET_NAME)";
				SDKROOT = watchos;
				SWIFT_EMIT_LOC_STRINGS = NO;
				SWIFT_VERSION = 5.0;
				TARGETED_DEVICE_FAMILY = 4;
				TEST_TARGET_NAME = "CompteurWatch Watch App";
				WATCHOS_DEPLOYMENT_TARGET = 10.4;
			};
			name = Debug;
		};
		DB44DD492B9A382D00466340 /* Release */ = {
			isa = XCBuildConfiguration;
			buildSettings = {
				ALWAYS_EMBED_SWIFT_STANDARD_LIBRARIES = YES;
				CODE_SIGN_STYLE = Automatic;
				CURRENT_PROJECT_VERSION = 1;
				DEVELOPMENT_TEAM = J58PRAMLMX;
				GENERATE_INFOPLIST_FILE = YES;
				MARKETING_VERSION = 1.0;
				PRODUCT_BUNDLE_IDENTIFIER = "com.lukas.CompteurWatch-Watch-AppUITests";
				PRODUCT_NAME = "$(TARGET_NAME)";
				SDKROOT = watchos;
				SWIFT_EMIT_LOC_STRINGS = NO;
				SWIFT_VERSION = 5.0;
				TARGETED_DEVICE_FAMILY = 4;
				TEST_TARGET_NAME = "CompteurWatch Watch App";
				VALIDATE_PRODUCT = YES;
				WATCHOS_DEPLOYMENT_TARGET = 10.4;
			};
			name = Release;
		};
/* End XCBuildConfiguration section */

/* Begin XCConfigurationList section */
		DB08A6BE2B9A5AFB009E1014 /* Build configuration list for PBXNativeTarget "CompteurVision" */ = {
			isa = XCConfigurationList;
			buildConfigurations = (
				DB08A6BA2B9A5AFB009E1014 /* Debug */,
				DB08A6BB2B9A5AFB009E1014 /* Release */,
			);
			defaultConfigurationIsVisible = 0;
			defaultConfigurationName = Release;
		};
		DB08A6BF2B9A5AFB009E1014 /* Build configuration list for PBXNativeTarget "CompteurVisionTests" */ = {
			isa = XCConfigurationList;
			buildConfigurations = (
				DB08A6BC2B9A5AFB009E1014 /* Debug */,
				DB08A6BD2B9A5AFB009E1014 /* Release */,
			);
			defaultConfigurationIsVisible = 0;
			defaultConfigurationName = Release;
		};
		DB44DCE02B9A02DD00466340 /* Build configuration list for PBXProject "CompteurUniversal" */ = {
			isa = XCConfigurationList;
			buildConfigurations = (
				DB44DD082B9A02DE00466340 /* Debug */,
				DB44DD092B9A02DE00466340 /* Release */,
			);
			defaultConfigurationIsVisible = 0;
			defaultConfigurationName = Release;
		};
		DB44DD0A2B9A02DE00466340 /* Build configuration list for PBXNativeTarget "CompteurUniversal" */ = {
			isa = XCConfigurationList;
			buildConfigurations = (
				DB44DD0B2B9A02DE00466340 /* Debug */,
				DB44DD0C2B9A02DE00466340 /* Release */,
			);
			defaultConfigurationIsVisible = 0;
			defaultConfigurationName = Release;
		};
		DB44DD0D2B9A02DE00466340 /* Build configuration list for PBXNativeTarget "CompteurUniversalTests" */ = {
			isa = XCConfigurationList;
			buildConfigurations = (
				DB44DD0E2B9A02DE00466340 /* Debug */,
				DB44DD0F2B9A02DE00466340 /* Release */,
			);
			defaultConfigurationIsVisible = 0;
			defaultConfigurationName = Release;
		};
		DB44DD102B9A02DE00466340 /* Build configuration list for PBXNativeTarget "CompteurUniversalUITests" */ = {
			isa = XCConfigurationList;
			buildConfigurations = (
				DB44DD112B9A02DE00466340 /* Debug */,
				DB44DD122B9A02DE00466340 /* Release */,
			);
			defaultConfigurationIsVisible = 0;
			defaultConfigurationName = Release;
		};
		DB44DD402B9A382D00466340 /* Build configuration list for PBXNativeTarget "CompteurWatch Watch App" */ = {
			isa = XCConfigurationList;
			buildConfigurations = (
				DB44DD412B9A382D00466340 /* Debug */,
				DB44DD422B9A382D00466340 /* Release */,
			);
			defaultConfigurationIsVisible = 0;
			defaultConfigurationName = Release;
		};
		DB44DD442B9A382D00466340 /* Build configuration list for PBXNativeTarget "CompteurWatch Watch AppTests" */ = {
			isa = XCConfigurationList;
			buildConfigurations = (
				DB44DD452B9A382D00466340 /* Debug */,
				DB44DD462B9A382D00466340 /* Release */,
			);
			defaultConfigurationIsVisible = 0;
			defaultConfigurationName = Release;
		};
		DB44DD472B9A382D00466340 /* Build configuration list for PBXNativeTarget "CompteurWatch Watch AppUITests" */ = {
			isa = XCConfigurationList;
			buildConfigurations = (
				DB44DD482B9A382D00466340 /* Debug */,
				DB44DD492B9A382D00466340 /* Release */,
			);
			defaultConfigurationIsVisible = 0;
			defaultConfigurationName = Release;
		};
/* End XCConfigurationList section */

/* Begin XCSwiftPackageProductDependency section */
		DB08A6A22B9A5AFA009E1014 /* RealityKitContent */ = {
			isa = XCSwiftPackageProductDependency;
			productName = RealityKitContent;
		};
/* End XCSwiftPackageProductDependency section */
	};
	rootObject = DB44DCDD2B9A02DD00466340 /* Project object */;
}
